
Microsoft Visual Studio Solution File, Format Version 12.00
# Visual Studio Version 16
VisualStudioVersion = 16.0.31829.152
MinimumVisualStudioVersion = 10.0.40219.1
Project("{FAE04EC0-301F-11D3-BF4B-00C04F79EFBC}") = "DannysCSharpDataStructures", "DannysCSharpDataStructures\DannysCSharpDataStructures.csproj", "{B9BB9CDB-CCBE-46B7-BAE5-1EF42B3CA589}"
EndProject
Global
	GlobalSection(SolutionConfigurationPlatforms) = preSolution
		Debug|Any CPU = Debug|Any CPU
		Release|Any CPU = Release|Any CPU
	EndGlobalSection
	GlobalSection(ProjectConfigurationPlatforms) = postSolution
		{B9BB9CDB-CCBE-46B7-BAE5-1EF42B3CA589}.Debug|Any CPU.ActiveCfg = Debug|Any CPU
		{B9BB9CDB-CCBE-46B7-BAE5-1EF42B3CA589}.Debug|Any CPU.Build.0 = Debug|Any CPU
		{B9BB9CDB-CCBE-46B7-BAE5-1EF42B3CA589}.Release|Any CPU.ActiveCfg = Release|Any CPU
		{B9BB9CDB-CCBE-46B7-BAE5-1EF42B3CA589}.Release|Any CPU.Build.0 = Release|Any CPU
	EndGlobalSection
	GlobalSection(SolutionProperties) = preSolution
		HideSolutionNode = FALSE
	EndGlobalSection
	GlobalSection(ExtensibilityGlobals) = postSolution
		SolutionGuid = {644DAE26-BE86-4313-B2C0-D41E24CA5DDD}
	EndGlobalSection
EndGlobal
